
Microsoft Visual Studio Solution File, Format Version 12.00
# Visual Studio Version 16
VisualStudioVersion = 16.0.31321.278
MinimumVisualStudioVersion = 10.0.40219.1
Project("{FAE04EC0-301F-11D3-BF4B-00C04F79EFBC}") = "MediatorPattern", "DesignPatterns\MediatorPattern.csproj", "{2CD4FEA5-6670-4088-81B9-EF1109DD09D4}"
EndProject
Project("{FAE04EC0-301F-11D3-BF4B-00C04F79EFBC}") = "MediatorPattern2", "MediatorPattern2\MediatorPattern2.csproj", "{39BD84FC-99F2-41A7-922C-6C7E6B5532AA}"
EndProject
Global
	GlobalSection(SolutionConfigurationPlatforms) = preSolution
		Debug|Any CPU = Debug|Any CPU
		Release|Any CPU = Release|Any CPU
	EndGlobalSection
	GlobalSection(ProjectConfigurationPlatforms) = postSolution
		{2CD4FEA5-6670-4088-81B9-EF1109DD09D4}.Debug|Any CPU.ActiveCfg = Debug|Any CPU
		{2CD4FEA5-6670-4088-81B9-EF1109DD09D4}.Debug|Any CPU.Build.0 = Debug|Any CPU
		{2CD4FEA5-6670-4088-81B9-EF1109DD09D4}.Release|Any CPU.ActiveCfg = Release|Any CPU
		{2CD4FEA5-6670-4088-81B9-EF1109DD09D4}.Release|Any CPU.Build.0 = Release|Any CPU
		{39BD84FC-99F2-41A7-922C-6C7E6B5532AA}.Debug|Any CPU.ActiveCfg = Debug|Any CPU
		{39BD84FC-99F2-41A7-922C-6C7E6B5532AA}.Debug|Any CPU.Build.0 = Debug|Any CPU
		{39BD84FC-99F2-41A7-922C-6C7E6B5532AA}.Release|Any CPU.ActiveCfg = Release|Any CPU
		{39BD84FC-99F2-41A7-922C-6C7E6B5532AA}.Release|Any CPU.Build.0 = Release|Any CPU
	EndGlobalSection
	GlobalSection(SolutionProperties) = preSolution
		HideSolutionNode = FALSE
	EndGlobalSection
	GlobalSection(ExtensibilityGlobals) = postSolution
		SolutionGuid = {A75DE533-B212-4E2F-A6EA-253FFD61E849}
	EndGlobalSection
EndGlobal
